// !$*UTF8*$!
{
	archiveVersion = 1;
	classes = {
	};
	objectVersion = 56;
	objects = {

/* Begin PBXBuildFile section */
		7B2571972A8141C000FFD2A9 /* mortyCrying.json in Resources */ = {isa = PBXBuildFile; fileRef = 7B2571942A8141C000FFD2A9 /* mortyCrying.json */; };
		7B2571982A8141C000FFD2A9 /* mortyTwerking.json in Resources */ = {isa = PBXBuildFile; fileRef = 7B2571952A8141C000FFD2A9 /* mortyTwerking.json */; };
		7B25719C2A81422A00FFD2A9 /* Lottie in Frameworks */ = {isa = PBXBuildFile; productRef = 7B25719B2A81422A00FFD2A9 /* Lottie */; };
		7B2571A02A81462000FFD2A9 /* teleport.json in Resources */ = {isa = PBXBuildFile; fileRef = 7B25719F2A81462000FFD2A9 /* teleport.json */; };
		7B2571A62A814A6000FFD2A9 /* rickNMortyHeaderAnimation.json in Resources */ = {isa = PBXBuildFile; fileRef = 7B2571A52A814A6000FFD2A9 /* rickNMortyHeaderAnimation.json */; };
		7B2571A82A81647C00FFD2A9 /* EpisodesViewModel.swift in Sources */ = {isa = PBXBuildFile; fileRef = 7B2571A72A81647C00FFD2A9 /* EpisodesViewModel.swift */; };
		7B2571AC2A81655A00FFD2A9 /* EpisodesModel.swift in Sources */ = {isa = PBXBuildFile; fileRef = 7B2571AB2A81655A00FFD2A9 /* EpisodesModel.swift */; };
		7B2571AE2A81657D00FFD2A9 /* InfoEpisodesModel.swift in Sources */ = {isa = PBXBuildFile; fileRef = 7B2571AD2A81657D00FFD2A9 /* InfoEpisodesModel.swift */; };
		7B2571B02A8165AA00FFD2A9 /* ResultEpisodesModel.swift in Sources */ = {isa = PBXBuildFile; fileRef = 7B2571AF2A8165AA00FFD2A9 /* ResultEpisodesModel.swift */; };
		7B2571B42A816BB000FFD2A9 /* EpisodesTableViewCell.swift in Sources */ = {isa = PBXBuildFile; fileRef = 7B2571B22A816BB000FFD2A9 /* EpisodesTableViewCell.swift */; };
		7B2571B52A816BB000FFD2A9 /* EpisodesTableViewCell.xib in Resources */ = {isa = PBXBuildFile; fileRef = 7B2571B32A816BB000FFD2A9 /* EpisodesTableViewCell.xib */; };
		7B2571B82A81739900FFD2A9 /* EpisodesDetailViewController.swift in Sources */ = {isa = PBXBuildFile; fileRef = 7B2571B72A81739900FFD2A9 /* EpisodesDetailViewController.swift */; };
		7B60F9C12A7A81690097EC66 /* AppDelegate.swift in Sources */ = {isa = PBXBuildFile; fileRef = 7B60F9C02A7A81690097EC66 /* AppDelegate.swift */; };
		7B60F9C32A7A81690097EC66 /* SceneDelegate.swift in Sources */ = {isa = PBXBuildFile; fileRef = 7B60F9C22A7A81690097EC66 /* SceneDelegate.swift */; };
		7B60F9C82A7A81690097EC66 /* Main.storyboard in Resources */ = {isa = PBXBuildFile; fileRef = 7B60F9C62A7A81690097EC66 /* Main.storyboard */; };
		7B60F9CA2A7A816A0097EC66 /* Assets.xcassets in Resources */ = {isa = PBXBuildFile; fileRef = 7B60F9C92A7A816A0097EC66 /* Assets.xcassets */; };
		7B60F9CD2A7A816A0097EC66 /* LaunchScreen.storyboard in Resources */ = {isa = PBXBuildFile; fileRef = 7B60F9CB2A7A816A0097EC66 /* LaunchScreen.storyboard */; };
		7B60F9E02A7A82880097EC66 /* Constants.swift in Sources */ = {isa = PBXBuildFile; fileRef = 7B60F9DF2A7A82870097EC66 /* Constants.swift */; };
		7B60F9E22A7A82990097EC66 /* NetworkManager.swift in Sources */ = {isa = PBXBuildFile; fileRef = 7B60F9E12A7A82990097EC66 /* NetworkManager.swift */; };
		7B60F9E42A7A82AE0097EC66 /* Endpoints.swift in Sources */ = {isa = PBXBuildFile; fileRef = 7B60F9E32A7A82AE0097EC66 /* Endpoints.swift */; };
		7B60F9E62A7A82C20097EC66 /* ServiceError.swift in Sources */ = {isa = PBXBuildFile; fileRef = 7B60F9E52A7A82C20097EC66 /* ServiceError.swift */; };
		7B60F9E82A7A82DC0097EC66 /* CharactersModel.swift in Sources */ = {isa = PBXBuildFile; fileRef = 7B60F9E72A7A82DC0097EC66 /* CharactersModel.swift */; };
		7B60F9EA2A7A82ED0097EC66 /* ResultsModel.swift in Sources */ = {isa = PBXBuildFile; fileRef = 7B60F9E92A7A82ED0097EC66 /* ResultsModel.swift */; };
		7B60F9EC2A7A831D0097EC66 /* InfoModel.swift in Sources */ = {isa = PBXBuildFile; fileRef = 7B60F9EB2A7A831D0097EC66 /* InfoModel.swift */; };
		7B60F9EE2A7A83450097EC66 /* LocationModel.swift in Sources */ = {isa = PBXBuildFile; fileRef = 7B60F9ED2A7A83450097EC66 /* LocationModel.swift */; };
		7B60F9F02A7A83610097EC66 /* CharactersViewModel.swift in Sources */ = {isa = PBXBuildFile; fileRef = 7B60F9EF2A7A83610097EC66 /* CharactersViewModel.swift */; };
		7B60F9F72A7A83A90097EC66 /* CharactersTableViewCell.swift in Sources */ = {isa = PBXBuildFile; fileRef = 7B60F9F52A7A83A90097EC66 /* CharactersTableViewCell.swift */; };
		7B60F9F82A7A83A90097EC66 /* CharactersTableViewCell.xib in Resources */ = {isa = PBXBuildFile; fileRef = 7B60F9F62A7A83A90097EC66 /* CharactersTableViewCell.xib */; };
		7B60F9FA2A7A850A0097EC66 /* CharactersViewController.swift in Sources */ = {isa = PBXBuildFile; fileRef = 7B60F9F92A7A850A0097EC66 /* CharactersViewController.swift */; };
		7B60F9FC2A7A85150097EC66 /* EpisodesViewController.swift in Sources */ = {isa = PBXBuildFile; fileRef = 7B60F9FB2A7A85150097EC66 /* EpisodesViewController.swift */; };
		7B60F9FE2A7A851D0097EC66 /* SettingsViewController.swift in Sources */ = {isa = PBXBuildFile; fileRef = 7B60F9FD2A7A851D0097EC66 /* SettingsViewController.swift */; };
		7BA401DC2A8060D8009FEF7F /* TabbarWithCorners.swift in Sources */ = {isa = PBXBuildFile; fileRef = 7BA401DB2A8060D8009FEF7F /* TabbarWithCorners.swift */; };
		7BE7B9212A83D1B80089FD89 /* EpisodesDetailViewModel.swift in Sources */ = {isa = PBXBuildFile; fileRef = 7BE7B9202A83D1B80089FD89 /* EpisodesDetailViewModel.swift */; };
		7BE7B9252A83D5B20089FD89 /* EpisodeCharactersCollectionViewCell.swift in Sources */ = {isa = PBXBuildFile; fileRef = 7BE7B9232A83D5B20089FD89 /* EpisodeCharactersCollectionViewCell.swift */; };
		7BE7B9262A83D5B20089FD89 /* EpisodeCharactersCollectionViewCell.xib in Resources */ = {isa = PBXBuildFile; fileRef = 7BE7B9242A83D5B20089FD89 /* EpisodeCharactersCollectionViewCell.xib */; };
		7BEAC4332A844B2A00F9A184 /* CharactersDetailViewController.swift in Sources */ = {isa = PBXBuildFile; fileRef = 7BEAC4322A844B2A00F9A184 /* CharactersDetailViewController.swift */; };
		7BEE6DE22A7FE7EB004EAAC5 /* HeaderGenericView.swift in Sources */ = {isa = PBXBuildFile; fileRef = 7BEE6DE12A7FE7EB004EAAC5 /* HeaderGenericView.swift */; };
		7BEE6DE42A7FE7F5004EAAC5 /* HeaderGenericView.xib in Resources */ = {isa = PBXBuildFile; fileRef = 7BEE6DE32A7FE7F5004EAAC5 /* HeaderGenericView.xib */; };
		7BF181D22A7BFC0B00775B52 /* Kingfisher in Frameworks */ = {isa = PBXBuildFile; productRef = 7BF181D12A7BFC0B00775B52 /* Kingfisher */; };
		7BF181D42A7BFD8600775B52 /* UIImageViewExtension.swift in Sources */ = {isa = PBXBuildFile; fileRef = 7BF181D32A7BFD8600775B52 /* UIImageViewExtension.swift */; };
		7BF181D62A7C644A00775B52 /* TabBarController.swift in Sources */ = {isa = PBXBuildFile; fileRef = 7BF181D52A7C644A00775B52 /* TabBarController.swift */; };
		7BF330422A7C7DB5001A53D0 /* Arrow+UIImageViewExtension.swift in Sources */ = {isa = PBXBuildFile; fileRef = 7BF330412A7C7DB5001A53D0 /* Arrow+UIImageViewExtension.swift */; };
/* End PBXBuildFile section */

/* Begin PBXFileReference section */
		7B2571942A8141C000FFD2A9 /* mortyCrying.json */ = {isa = PBXFileReference; fileEncoding = 4; lastKnownFileType = text.json; path = mortyCrying.json; sourceTree = "<group>"; };
		7B2571952A8141C000FFD2A9 /* mortyTwerking.json */ = {isa = PBXFileReference; fileEncoding = 4; lastKnownFileType = text.json; path = mortyTwerking.json; sourceTree = "<group>"; };
		7B25719F2A81462000FFD2A9 /* teleport.json */ = {isa = PBXFileReference; fileEncoding = 4; lastKnownFileType = text.json; path = teleport.json; sourceTree = "<group>"; };
		7B2571A52A814A6000FFD2A9 /* rickNMortyHeaderAnimation.json */ = {isa = PBXFileReference; fileEncoding = 4; lastKnownFileType = text.json; path = rickNMortyHeaderAnimation.json; sourceTree = "<group>"; };
		7B2571A72A81647C00FFD2A9 /* EpisodesViewModel.swift */ = {isa = PBXFileReference; lastKnownFileType = sourcecode.swift; path = EpisodesViewModel.swift; sourceTree = "<group>"; };
		7B2571AB2A81655A00FFD2A9 /* EpisodesModel.swift */ = {isa = PBXFileReference; lastKnownFileType = sourcecode.swift; path = EpisodesModel.swift; sourceTree = "<group>"; };
		7B2571AD2A81657D00FFD2A9 /* InfoEpisodesModel.swift */ = {isa = PBXFileReference; lastKnownFileType = sourcecode.swift; path = InfoEpisodesModel.swift; sourceTree = "<group>"; };
		7B2571AF2A8165AA00FFD2A9 /* ResultEpisodesModel.swift */ = {isa = PBXFileReference; lastKnownFileType = sourcecode.swift; path = ResultEpisodesModel.swift; sourceTree = "<group>"; };
		7B2571B22A816BB000FFD2A9 /* EpisodesTableViewCell.swift */ = {isa = PBXFileReference; lastKnownFileType = sourcecode.swift; path = EpisodesTableViewCell.swift; sourceTree = "<group>"; };
		7B2571B32A816BB000FFD2A9 /* EpisodesTableViewCell.xib */ = {isa = PBXFileReference; lastKnownFileType = file.xib; path = EpisodesTableViewCell.xib; sourceTree = "<group>"; };
		7B2571B72A81739900FFD2A9 /* EpisodesDetailViewController.swift */ = {isa = PBXFileReference; lastKnownFileType = sourcecode.swift; path = EpisodesDetailViewController.swift; sourceTree = "<group>"; };
		7B60F9BD2A7A81690097EC66 /* RickNMorty.app */ = {isa = PBXFileReference; explicitFileType = wrapper.application; includeInIndex = 0; path = RickNMorty.app; sourceTree = BUILT_PRODUCTS_DIR; };
		7B60F9C02A7A81690097EC66 /* AppDelegate.swift */ = {isa = PBXFileReference; lastKnownFileType = sourcecode.swift; path = AppDelegate.swift; sourceTree = "<group>"; };
		7B60F9C22A7A81690097EC66 /* SceneDelegate.swift */ = {isa = PBXFileReference; lastKnownFileType = sourcecode.swift; path = SceneDelegate.swift; sourceTree = "<group>"; };
		7B60F9C72A7A81690097EC66 /* Base */ = {isa = PBXFileReference; lastKnownFileType = file.storyboard; name = Base; path = Base.lproj/Main.storyboard; sourceTree = "<group>"; };
		7B60F9C92A7A816A0097EC66 /* Assets.xcassets */ = {isa = PBXFileReference; lastKnownFileType = folder.assetcatalog; path = Assets.xcassets; sourceTree = "<group>"; };
		7B60F9CC2A7A816A0097EC66 /* Base */ = {isa = PBXFileReference; lastKnownFileType = file.storyboard; name = Base; path = Base.lproj/LaunchScreen.storyboard; sourceTree = "<group>"; };
		7B60F9CE2A7A816A0097EC66 /* Info.plist */ = {isa = PBXFileReference; lastKnownFileType = text.plist.xml; path = Info.plist; sourceTree = "<group>"; };
		7B60F9DF2A7A82870097EC66 /* Constants.swift */ = {isa = PBXFileReference; lastKnownFileType = sourcecode.swift; path = Constants.swift; sourceTree = "<group>"; };
		7B60F9E12A7A82990097EC66 /* NetworkManager.swift */ = {isa = PBXFileReference; lastKnownFileType = sourcecode.swift; path = NetworkManager.swift; sourceTree = "<group>"; };
		7B60F9E32A7A82AE0097EC66 /* Endpoints.swift */ = {isa = PBXFileReference; lastKnownFileType = sourcecode.swift; path = Endpoints.swift; sourceTree = "<group>"; };
		7B60F9E52A7A82C20097EC66 /* ServiceError.swift */ = {isa = PBXFileReference; lastKnownFileType = sourcecode.swift; path = ServiceError.swift; sourceTree = "<group>"; };
		7B60F9E72A7A82DC0097EC66 /* CharactersModel.swift */ = {isa = PBXFileReference; lastKnownFileType = sourcecode.swift; path = CharactersModel.swift; sourceTree = "<group>"; };
		7B60F9E92A7A82ED0097EC66 /* ResultsModel.swift */ = {isa = PBXFileReference; lastKnownFileType = sourcecode.swift; path = ResultsModel.swift; sourceTree = "<group>"; };
		7B60F9EB2A7A831D0097EC66 /* InfoModel.swift */ = {isa = PBXFileReference; lastKnownFileType = sourcecode.swift; path = InfoModel.swift; sourceTree = "<group>"; };
		7B60F9ED2A7A83450097EC66 /* LocationModel.swift */ = {isa = PBXFileReference; lastKnownFileType = sourcecode.swift; path = LocationModel.swift; sourceTree = "<group>"; };
		7B60F9EF2A7A83610097EC66 /* CharactersViewModel.swift */ = {isa = PBXFileReference; lastKnownFileType = sourcecode.swift; path = CharactersViewModel.swift; sourceTree = "<group>"; };
		7B60F9F52A7A83A90097EC66 /* CharactersTableViewCell.swift */ = {isa = PBXFileReference; lastKnownFileType = sourcecode.swift; path = CharactersTableViewCell.swift; sourceTree = "<group>"; };
		7B60F9F62A7A83A90097EC66 /* CharactersTableViewCell.xib */ = {isa = PBXFileReference; lastKnownFileType = file.xib; path = CharactersTableViewCell.xib; sourceTree = "<group>"; };
		7B60F9F92A7A850A0097EC66 /* CharactersViewController.swift */ = {isa = PBXFileReference; lastKnownFileType = sourcecode.swift; path = CharactersViewController.swift; sourceTree = "<group>"; };
		7B60F9FB2A7A85150097EC66 /* EpisodesViewController.swift */ = {isa = PBXFileReference; lastKnownFileType = sourcecode.swift; path = EpisodesViewController.swift; sourceTree = "<group>"; };
		7B60F9FD2A7A851D0097EC66 /* SettingsViewController.swift */ = {isa = PBXFileReference; lastKnownFileType = sourcecode.swift; path = SettingsViewController.swift; sourceTree = "<group>"; };
		7BA401DB2A8060D8009FEF7F /* TabbarWithCorners.swift */ = {isa = PBXFileReference; lastKnownFileType = sourcecode.swift; path = TabbarWithCorners.swift; sourceTree = "<group>"; };
		7BE7B9202A83D1B80089FD89 /* EpisodesDetailViewModel.swift */ = {isa = PBXFileReference; lastKnownFileType = sourcecode.swift; path = EpisodesDetailViewModel.swift; sourceTree = "<group>"; };
		7BE7B9232A83D5B20089FD89 /* EpisodeCharactersCollectionViewCell.swift */ = {isa = PBXFileReference; lastKnownFileType = sourcecode.swift; path = EpisodeCharactersCollectionViewCell.swift; sourceTree = "<group>"; };
		7BE7B9242A83D5B20089FD89 /* EpisodeCharactersCollectionViewCell.xib */ = {isa = PBXFileReference; lastKnownFileType = file.xib; path = EpisodeCharactersCollectionViewCell.xib; sourceTree = "<group>"; };
		7BEAC4322A844B2A00F9A184 /* CharactersDetailViewController.swift */ = {isa = PBXFileReference; lastKnownFileType = sourcecode.swift; path = CharactersDetailViewController.swift; sourceTree = "<group>"; };
		7BEE6DE12A7FE7EB004EAAC5 /* HeaderGenericView.swift */ = {isa = PBXFileReference; lastKnownFileType = sourcecode.swift; path = HeaderGenericView.swift; sourceTree = "<group>"; };
		7BEE6DE32A7FE7F5004EAAC5 /* HeaderGenericView.xib */ = {isa = PBXFileReference; lastKnownFileType = file.xib; path = HeaderGenericView.xib; sourceTree = "<group>"; };
		7BF181D32A7BFD8600775B52 /* UIImageViewExtension.swift */ = {isa = PBXFileReference; lastKnownFileType = sourcecode.swift; path = UIImageViewExtension.swift; sourceTree = "<group>"; };
		7BF181D52A7C644A00775B52 /* TabBarController.swift */ = {isa = PBXFileReference; lastKnownFileType = sourcecode.swift; path = TabBarController.swift; sourceTree = "<group>"; };
		7BF330412A7C7DB5001A53D0 /* Arrow+UIImageViewExtension.swift */ = {isa = PBXFileReference; lastKnownFileType = sourcecode.swift; path = "Arrow+UIImageViewExtension.swift"; sourceTree = "<group>"; };
/* End PBXFileReference section */

/* Begin PBXFrameworksBuildPhase section */
		7B60F9BA2A7A81690097EC66 /* Frameworks */ = {
			isa = PBXFrameworksBuildPhase;
			buildActionMask = 2147483647;
			files = (
				7BF181D22A7BFC0B00775B52 /* Kingfisher in Frameworks */,
				7B25719C2A81422A00FFD2A9 /* Lottie in Frameworks */,
			);
			runOnlyForDeploymentPostprocessing = 0;
		};
/* End PBXFrameworksBuildPhase section */

/* Begin PBXGroup section */
		7B2571932A8141B100FFD2A9 /* Animations */ = {
			isa = PBXGroup;
			children = (
				7B2571952A8141C000FFD2A9 /* mortyTwerking.json */,
				7B2571942A8141C000FFD2A9 /* mortyCrying.json */,
				7B25719F2A81462000FFD2A9 /* teleport.json */,
				7B2571A52A814A6000FFD2A9 /* rickNMortyHeaderAnimation.json */,
			);
			path = Animations;
			sourceTree = "<group>";
		};
		7B2571A92A81654000FFD2A9 /* CharactersModel */ = {
			isa = PBXGroup;
			children = (
				7B60F9E72A7A82DC0097EC66 /* CharactersModel.swift */,
				7B60F9E92A7A82ED0097EC66 /* ResultsModel.swift */,
				7B60F9EB2A7A831D0097EC66 /* InfoModel.swift */,
				7B60F9ED2A7A83450097EC66 /* LocationModel.swift */,
			);
			path = CharactersModel;
			sourceTree = "<group>";
		};
		7B2571AA2A81654B00FFD2A9 /* EpisodesModel */ = {
			isa = PBXGroup;
			children = (
				7B2571AB2A81655A00FFD2A9 /* EpisodesModel.swift */,
				7B2571AF2A8165AA00FFD2A9 /* ResultEpisodesModel.swift */,
				7B2571AD2A81657D00FFD2A9 /* InfoEpisodesModel.swift */,
			);
			path = EpisodesModel;
			sourceTree = "<group>";
		};
		7B2571B12A816B8D00FFD2A9 /* EpisodesTableViewCell */ = {
			isa = PBXGroup;
			children = (
				7B2571B22A816BB000FFD2A9 /* EpisodesTableViewCell.swift */,
				7B2571B32A816BB000FFD2A9 /* EpisodesTableViewCell.xib */,
			);
			path = EpisodesTableViewCell;
			sourceTree = "<group>";
		};
		7B2571B62A81737B00FFD2A9 /* Episodes */ = {
			isa = PBXGroup;
			children = (
				7B60F9FB2A7A85150097EC66 /* EpisodesViewController.swift */,
				7B2571B72A81739900FFD2A9 /* EpisodesDetailViewController.swift */,
			);
			path = Episodes;
			sourceTree = "<group>";
		};
		7B60F9B42A7A81690097EC66 = {
			isa = PBXGroup;
			children = (
				7B60F9BF2A7A81690097EC66 /* RickNMorty */,
				7B60F9BE2A7A81690097EC66 /* Products */,
			);
			sourceTree = "<group>";
		};
		7B60F9BE2A7A81690097EC66 /* Products */ = {
			isa = PBXGroup;
			children = (
				7B60F9BD2A7A81690097EC66 /* RickNMorty.app */,
			);
			name = Products;
			sourceTree = "<group>";
		};
		7B60F9BF2A7A81690097EC66 /* RickNMorty */ = {
			isa = PBXGroup;
			children = (
				7B60F9DB2A7A823C0097EC66 /* Helpers */,
				7B60F9DC2A7A82410097EC66 /* NetworkManager */,
				7B60F9D82A7A82120097EC66 /* Model */,
				7B60F9D72A7A81BE0097EC66 /* Views */,
				7B60F9D52A7A81B40097EC66 /* ViewModel */,
				7B60F9D42A7A81AB0097EC66 /* Delegations */,
				7B2571932A8141B100FFD2A9 /* Animations */,
				7B60F9C92A7A816A0097EC66 /* Assets.xcassets */,
				7BE7B9272A83DA650089FD89 /* New Group */,
				7B60F9CE2A7A816A0097EC66 /* Info.plist */,
			);
			path = RickNMorty;
			sourceTree = "<group>";
		};
		7B60F9D42A7A81AB0097EC66 /* Delegations */ = {
			isa = PBXGroup;
			children = (
				7B60F9C02A7A81690097EC66 /* AppDelegate.swift */,
				7B60F9C22A7A81690097EC66 /* SceneDelegate.swift */,
			);
			path = Delegations;
			sourceTree = "<group>";
		};
		7B60F9D52A7A81B40097EC66 /* ViewModel */ = {
			isa = PBXGroup;
			children = (
				7B60F9EF2A7A83610097EC66 /* CharactersViewModel.swift */,
				7B2571A72A81647C00FFD2A9 /* EpisodesViewModel.swift */,
				7BE7B9202A83D1B80089FD89 /* EpisodesDetailViewModel.swift */,
			);
			path = ViewModel;
			sourceTree = "<group>";
		};
		7B60F9D72A7A81BE0097EC66 /* Views */ = {
			isa = PBXGroup;
			children = (
				7B67779A2A7E7BAF0083CD9E /* GenericViews */,
				7B60F9F12A7A83790097EC66 /* Cells */,
				7B60F9DA2A7A82200097EC66 /* Storyboard */,
				7B60F9D92A7A821A0097EC66 /* Controller */,
			);
			path = Views;
			sourceTree = "<group>";
		};
		7B60F9D82A7A82120097EC66 /* Model */ = {
			isa = PBXGroup;
			children = (
				7B2571AA2A81654B00FFD2A9 /* EpisodesModel */,
				7B2571A92A81654000FFD2A9 /* CharactersModel */,
			);
			path = Model;
			sourceTree = "<group>";
		};
		7B60F9D92A7A821A0097EC66 /* Controller */ = {
			isa = PBXGroup;
			children = (
				7BEAC4312A844B0E00F9A184 /* Characters */,
				7B2571B62A81737B00FFD2A9 /* Episodes */,
				7B60F9FD2A7A851D0097EC66 /* SettingsViewController.swift */,
				7BF181D52A7C644A00775B52 /* TabBarController.swift */,
			);
			path = Controller;
			sourceTree = "<group>";
		};
		7B60F9DA2A7A82200097EC66 /* Storyboard */ = {
			isa = PBXGroup;
			children = (
				7B60F9C62A7A81690097EC66 /* Main.storyboard */,
				7B60F9CB2A7A816A0097EC66 /* LaunchScreen.storyboard */,
			);
			path = Storyboard;
			sourceTree = "<group>";
		};
		7B60F9DB2A7A823C0097EC66 /* Helpers */ = {
			isa = PBXGroup;
			children = (
				7B60F9DF2A7A82870097EC66 /* Constants.swift */,
				7BF181D32A7BFD8600775B52 /* UIImageViewExtension.swift */,
				7BF330412A7C7DB5001A53D0 /* Arrow+UIImageViewExtension.swift */,
			);
			path = Helpers;
			sourceTree = "<group>";
		};
		7B60F9DC2A7A82410097EC66 /* NetworkManager */ = {
			isa = PBXGroup;
			children = (
				7B60F9E12A7A82990097EC66 /* NetworkManager.swift */,
				7B60F9E32A7A82AE0097EC66 /* Endpoints.swift */,
				7B60F9E52A7A82C20097EC66 /* ServiceError.swift */,
			);
			path = NetworkManager;
			sourceTree = "<group>";
		};
		7B60F9F12A7A83790097EC66 /* Cells */ = {
			isa = PBXGroup;
			children = (
				7BE7B9222A83D58E0089FD89 /* EpisodeCharactersCollectionViewCell */,
				7B2571B12A816B8D00FFD2A9 /* EpisodesTableViewCell */,
				7B60F9F22A7A83820097EC66 /* CharacterTableViewCell */,
			);
			path = Cells;
			sourceTree = "<group>";
		};
		7B60F9F22A7A83820097EC66 /* CharacterTableViewCell */ = {
			isa = PBXGroup;
			children = (
				7B60F9F52A7A83A90097EC66 /* CharactersTableViewCell.swift */,
				7B60F9F62A7A83A90097EC66 /* CharactersTableViewCell.xib */,
			);
			path = CharacterTableViewCell;
			sourceTree = "<group>";
		};
		7B67779A2A7E7BAF0083CD9E /* GenericViews */ = {
			isa = PBXGroup;
			children = (
				7BA401DB2A8060D8009FEF7F /* TabbarWithCorners.swift */,
				7BEE6DE12A7FE7EB004EAAC5 /* HeaderGenericView.swift */,
				7BEE6DE32A7FE7F5004EAAC5 /* HeaderGenericView.xib */,
			);
			path = GenericViews;
			sourceTree = "<group>";
		};
		7BE7B9222A83D58E0089FD89 /* EpisodeCharactersCollectionViewCell */ = {
			isa = PBXGroup;
			children = (
				7BE7B9232A83D5B20089FD89 /* EpisodeCharactersCollectionViewCell.swift */,
				7BE7B9242A83D5B20089FD89 /* EpisodeCharactersCollectionViewCell.xib */,
			);
			path = EpisodeCharactersCollectionViewCell;
			sourceTree = "<group>";
		};
		7BE7B9272A83DA650089FD89 /* New Group */ = {
			isa = PBXGroup;
			children = (
			);
			path = "New Group";
			sourceTree = "<group>";
		};
		7BEAC4312A844B0E00F9A184 /* Characters */ = {
			isa = PBXGroup;
			children = (
				7B60F9F92A7A850A0097EC66 /* CharactersViewController.swift */,
				7BEAC4322A844B2A00F9A184 /* CharactersDetailViewController.swift */,
			);
			path = Characters;
			sourceTree = "<group>";
		};
/* End PBXGroup section */

/* Begin PBXNativeTarget section */
		7B60F9BC2A7A81690097EC66 /* RickNMorty */ = {
			isa = PBXNativeTarget;
			buildConfigurationList = 7B60F9D12A7A816A0097EC66 /* Build configuration list for PBXNativeTarget "RickNMorty" */;
			buildPhases = (
				7B60F9B92A7A81690097EC66 /* Sources */,
				7B60F9BA2A7A81690097EC66 /* Frameworks */,
				7B60F9BB2A7A81690097EC66 /* Resources */,
			);
			buildRules = (
			);
			dependencies = (
			);
			name = RickNMorty;
			packageProductDependencies = (
				7BF181D12A7BFC0B00775B52 /* Kingfisher */,
				7B25719B2A81422A00FFD2A9 /* Lottie */,
			);
			productName = RickNMorty;
			productReference = 7B60F9BD2A7A81690097EC66 /* RickNMorty.app */;
			productType = "com.apple.product-type.application";
		};
/* End PBXNativeTarget section */

/* Begin PBXProject section */
		7B60F9B52A7A81690097EC66 /* Project object */ = {
			isa = PBXProject;
			attributes = {
				BuildIndependentTargetsInParallel = 1;
				LastSwiftUpdateCheck = 1400;
				LastUpgradeCheck = 1400;
				TargetAttributes = {
					7B60F9BC2A7A81690097EC66 = {
						CreatedOnToolsVersion = 14.0;
					};
				};
			};
			buildConfigurationList = 7B60F9B82A7A81690097EC66 /* Build configuration list for PBXProject "RickNMorty" */;
			compatibilityVersion = "Xcode 14.0";
			developmentRegion = en;
			hasScannedForEncodings = 0;
			knownRegions = (
				en,
				Base,
			);
			mainGroup = 7B60F9B42A7A81690097EC66;
			packageReferences = (
				7BF181D02A7BFC0B00775B52 /* XCRemoteSwiftPackageReference "Kingfisher" */,
				7B25719A2A81422A00FFD2A9 /* XCRemoteSwiftPackageReference "lottie-ios" */,
			);
			productRefGroup = 7B60F9BE2A7A81690097EC66 /* Products */;
			projectDirPath = "";
			projectRoot = "";
			targets = (
				7B60F9BC2A7A81690097EC66 /* RickNMorty */,
			);
		};
/* End PBXProject section */

/* Begin PBXResourcesBuildPhase section */
		7B60F9BB2A7A81690097EC66 /* Resources */ = {
			isa = PBXResourcesBuildPhase;
			buildActionMask = 2147483647;
			files = (
				7B60F9CD2A7A816A0097EC66 /* LaunchScreen.storyboard in Resources */,
				7B60F9CA2A7A816A0097EC66 /* Assets.xcassets in Resources */,
				7B60F9C82A7A81690097EC66 /* Main.storyboard in Resources */,
				7BE7B9262A83D5B20089FD89 /* EpisodeCharactersCollectionViewCell.xib in Resources */,
				7B2571B52A816BB000FFD2A9 /* EpisodesTableViewCell.xib in Resources */,
				7BEE6DE42A7FE7F5004EAAC5 /* HeaderGenericView.xib in Resources */,
				7B2571A02A81462000FFD2A9 /* teleport.json in Resources */,
				7B2571982A8141C000FFD2A9 /* mortyTwerking.json in Resources */,
				7B60F9F82A7A83A90097EC66 /* CharactersTableViewCell.xib in Resources */,
				7B2571A62A814A6000FFD2A9 /* rickNMortyHeaderAnimation.json in Resources */,
				7B2571972A8141C000FFD2A9 /* mortyCrying.json in Resources */,
			);
			runOnlyForDeploymentPostprocessing = 0;
		};
/* End PBXResourcesBuildPhase section */

/* Begin PBXSourcesBuildPhase section */
		7B60F9B92A7A81690097EC66 /* Sources */ = {
			isa = PBXSourcesBuildPhase;
			buildActionMask = 2147483647;
			files = (
				7B2571B02A8165AA00FFD2A9 /* ResultEpisodesModel.swift in Sources */,
				7B60F9E82A7A82DC0097EC66 /* CharactersModel.swift in Sources */,
				7B60F9EC2A7A831D0097EC66 /* InfoModel.swift in Sources */,
				7BEAC4332A844B2A00F9A184 /* CharactersDetailViewController.swift in Sources */,
				7B60F9FC2A7A85150097EC66 /* EpisodesViewController.swift in Sources */,
				7B60F9E62A7A82C20097EC66 /* ServiceError.swift in Sources */,
				7B2571B82A81739900FFD2A9 /* EpisodesDetailViewController.swift in Sources */,
				7B60F9E22A7A82990097EC66 /* NetworkManager.swift in Sources */,
				7B2571AE2A81657D00FFD2A9 /* InfoEpisodesModel.swift in Sources */,
				7B2571B42A816BB000FFD2A9 /* EpisodesTableViewCell.swift in Sources */,
				7B2571AC2A81655A00FFD2A9 /* EpisodesModel.swift in Sources */,
				7B60F9EE2A7A83450097EC66 /* LocationModel.swift in Sources */,
				7BA401DC2A8060D8009FEF7F /* TabbarWithCorners.swift in Sources */,
				7BF181D62A7C644A00775B52 /* TabBarController.swift in Sources */,
				7B60F9F72A7A83A90097EC66 /* CharactersTableViewCell.swift in Sources */,
				7BF330422A7C7DB5001A53D0 /* Arrow+UIImageViewExtension.swift in Sources */,
				7B60F9F02A7A83610097EC66 /* CharactersViewModel.swift in Sources */,
				7B60F9E02A7A82880097EC66 /* Constants.swift in Sources */,
				7BEE6DE22A7FE7EB004EAAC5 /* HeaderGenericView.swift in Sources */,
				7B60F9FA2A7A850A0097EC66 /* CharactersViewController.swift in Sources */,
				7B60F9EA2A7A82ED0097EC66 /* ResultsModel.swift in Sources */,
				7BE7B9252A83D5B20089FD89 /* EpisodeCharactersCollectionViewCell.swift in Sources */,
				7B60F9FE2A7A851D0097EC66 /* SettingsViewController.swift in Sources */,
				7B60F9E42A7A82AE0097EC66 /* Endpoints.swift in Sources */,
				7B60F9C12A7A81690097EC66 /* AppDelegate.swift in Sources */,
				7BF181D42A7BFD8600775B52 /* UIImageViewExtension.swift in Sources */,
				7B60F9C32A7A81690097EC66 /* SceneDelegate.swift in Sources */,
				7B2571A82A81647C00FFD2A9 /* EpisodesViewModel.swift in Sources */,
				7BE7B9212A83D1B80089FD89 /* EpisodesDetailViewModel.swift in Sources */,
			);
			runOnlyForDeploymentPostprocessing = 0;
		};
/* End PBXSourcesBuildPhase section */

/* Begin PBXVariantGroup section */
		7B60F9C62A7A81690097EC66 /* Main.storyboard */ = {
			isa = PBXVariantGroup;
			children = (
				7B60F9C72A7A81690097EC66 /* Base */,
			);
			name = Main.storyboard;
			sourceTree = "<group>";
		};
		7B60F9CB2A7A816A0097EC66 /* LaunchScreen.storyboard */ = {
			isa = PBXVariantGroup;
			children = (
				7B60F9CC2A7A816A0097EC66 /* Base */,
			);
			name = LaunchScreen.storyboard;
			sourceTree = "<group>";
		};
/* End PBXVariantGroup section */

/* Begin XCBuildConfiguration section */
		7B60F9CF2A7A816A0097EC66 /* Debug */ = {
			isa = XCBuildConfiguration;
			buildSettings = {
				ALWAYS_SEARCH_USER_PATHS = NO;
				CLANG_ANALYZER_NONNULL = YES;
				CLANG_ANALYZER_NUMBER_OBJECT_CONVERSION = YES_AGGRESSIVE;
				CLANG_CXX_LANGUAGE_STANDARD = "gnu++20";
				CLANG_ENABLE_MODULES = YES;
				CLANG_ENABLE_OBJC_ARC = YES;
				CLANG_ENABLE_OBJC_WEAK = YES;
				CLANG_WARN_BLOCK_CAPTURE_AUTORELEASING = YES;
				CLANG_WARN_BOOL_CONVERSION = YES;
				CLANG_WARN_COMMA = YES;
				CLANG_WARN_CONSTANT_CONVERSION = YES;
				CLANG_WARN_DEPRECATED_OBJC_IMPLEMENTATIONS = YES;
				CLANG_WARN_DIRECT_OBJC_ISA_USAGE = YES_ERROR;
				CLANG_WARN_DOCUMENTATION_COMMENTS = YES;
				CLANG_WARN_EMPTY_BODY = YES;
				CLANG_WARN_ENUM_CONVERSION = YES;
				CLANG_WARN_INFINITE_RECURSION = YES;
				CLANG_WARN_INT_CONVERSION = YES;
				CLANG_WARN_NON_LITERAL_NULL_CONVERSION = YES;
				CLANG_WARN_OBJC_IMPLICIT_RETAIN_SELF = YES;
				CLANG_WARN_OBJC_LITERAL_CONVERSION = YES;
				CLANG_WARN_OBJC_ROOT_CLASS = YES_ERROR;
				CLANG_WARN_QUOTED_INCLUDE_IN_FRAMEWORK_HEADER = YES;
				CLANG_WARN_RANGE_LOOP_ANALYSIS = YES;
				CLANG_WARN_STRICT_PROTOTYPES = YES;
				CLANG_WARN_SUSPICIOUS_MOVE = YES;
				CLANG_WARN_UNGUARDED_AVAILABILITY = YES_AGGRESSIVE;
				CLANG_WARN_UNREACHABLE_CODE = YES;
				CLANG_WARN__DUPLICATE_METHOD_MATCH = YES;
				COPY_PHASE_STRIP = NO;
				DEBUG_INFORMATION_FORMAT = dwarf;
				ENABLE_STRICT_OBJC_MSGSEND = YES;
				ENABLE_TESTABILITY = YES;
				GCC_C_LANGUAGE_STANDARD = gnu11;
				GCC_DYNAMIC_NO_PIC = NO;
				GCC_NO_COMMON_BLOCKS = YES;
				GCC_OPTIMIZATION_LEVEL = 0;
				GCC_PREPROCESSOR_DEFINITIONS = (
					"DEBUG=1",
					"$(inherited)",
				);
				GCC_WARN_64_TO_32_BIT_CONVERSION = YES;
				GCC_WARN_ABOUT_RETURN_TYPE = YES_ERROR;
				GCC_WARN_UNDECLARED_SELECTOR = YES;
				GCC_WARN_UNINITIALIZED_AUTOS = YES_AGGRESSIVE;
				GCC_WARN_UNUSED_FUNCTION = YES;
				GCC_WARN_UNUSED_VARIABLE = YES;
				IPHONEOS_DEPLOYMENT_TARGET = 16.0;
				MTL_ENABLE_DEBUG_INFO = INCLUDE_SOURCE;
				MTL_FAST_MATH = YES;
				ONLY_ACTIVE_ARCH = YES;
				SDKROOT = iphoneos;
				SWIFT_ACTIVE_COMPILATION_CONDITIONS = DEBUG;
				SWIFT_OPTIMIZATION_LEVEL = "-Onone";
			};
			name = Debug;
		};
		7B60F9D02A7A816A0097EC66 /* Release */ = {
			isa = XCBuildConfiguration;
			buildSettings = {
				ALWAYS_SEARCH_USER_PATHS = NO;
				CLANG_ANALYZER_NONNULL = YES;
				CLANG_ANALYZER_NUMBER_OBJECT_CONVERSION = YES_AGGRESSIVE;
				CLANG_CXX_LANGUAGE_STANDARD = "gnu++20";
				CLANG_ENABLE_MODULES = YES;
				CLANG_ENABLE_OBJC_ARC = YES;
				CLANG_ENABLE_OBJC_WEAK = YES;
				CLANG_WARN_BLOCK_CAPTURE_AUTORELEASING = YES;
				CLANG_WARN_BOOL_CONVERSION = YES;
				CLANG_WARN_COMMA = YES;
				CLANG_WARN_CONSTANT_CONVERSION = YES;
				CLANG_WARN_DEPRECATED_OBJC_IMPLEMENTATIONS = YES;
				CLANG_WARN_DIRECT_OBJC_ISA_USAGE = YES_ERROR;
				CLANG_WARN_DOCUMENTATION_COMMENTS = YES;
				CLANG_WARN_EMPTY_BODY = YES;
				CLANG_WARN_ENUM_CONVERSION = YES;
				CLANG_WARN_INFINITE_RECURSION = YES;
				CLANG_WARN_INT_CONVERSION = YES;
				CLANG_WARN_NON_LITERAL_NULL_CONVERSION = YES;
				CLANG_WARN_OBJC_IMPLICIT_RETAIN_SELF = YES;
				CLANG_WARN_OBJC_LITERAL_CONVERSION = YES;
				CLANG_WARN_OBJC_ROOT_CLASS = YES_ERROR;
				CLANG_WARN_QUOTED_INCLUDE_IN_FRAMEWORK_HEADER = YES;
				CLANG_WARN_RANGE_LOOP_ANALYSIS = YES;
				CLANG_WARN_STRICT_PROTOTYPES = YES;
				CLANG_WARN_SUSPICIOUS_MOVE = YES;
				CLANG_WARN_UNGUARDED_AVAILABILITY = YES_AGGRESSIVE;
				CLANG_WARN_UNREACHABLE_CODE = YES;
				CLANG_WARN__DUPLICATE_METHOD_MATCH = YES;
				COPY_PHASE_STRIP = NO;
				DEBUG_INFORMATION_FORMAT = "dwarf-with-dsym";
				ENABLE_NS_ASSERTIONS = NO;
				ENABLE_STRICT_OBJC_MSGSEND = YES;
				GCC_C_LANGUAGE_STANDARD = gnu11;
				GCC_NO_COMMON_BLOCKS = YES;
				GCC_WARN_64_TO_32_BIT_CONVERSION = YES;
				GCC_WARN_ABOUT_RETURN_TYPE = YES_ERROR;
				GCC_WARN_UNDECLARED_SELECTOR = YES;
				GCC_WARN_UNINITIALIZED_AUTOS = YES_AGGRESSIVE;
				GCC_WARN_UNUSED_FUNCTION = YES;
				GCC_WARN_UNUSED_VARIABLE = YES;
				IPHONEOS_DEPLOYMENT_TARGET = 16.0;
				MTL_ENABLE_DEBUG_INFO = NO;
				MTL_FAST_MATH = YES;
				SDKROOT = iphoneos;
				SWIFT_COMPILATION_MODE = wholemodule;
				SWIFT_OPTIMIZATION_LEVEL = "-O";
				VALIDATE_PRODUCT = YES;
			};
			name = Release;
		};
		7B60F9D22A7A816A0097EC66 /* Debug */ = {
			isa = XCBuildConfiguration;
			buildSettings = {
				ASSETCATALOG_COMPILER_APPICON_NAME = AppIcon;
				ASSETCATALOG_COMPILER_GLOBAL_ACCENT_COLOR_NAME = AccentColor;
				CODE_SIGN_STYLE = Automatic;
				CURRENT_PROJECT_VERSION = 1;
				DEVELOPMENT_TEAM = KTK732WRHB;
				GENERATE_INFOPLIST_FILE = YES;
				INFOPLIST_FILE = RickNMorty/Info.plist;
				INFOPLIST_KEY_UIApplicationSupportsIndirectInputEvents = YES;
				INFOPLIST_KEY_UILaunchStoryboardName = LaunchScreen;
				INFOPLIST_KEY_UIMainStoryboardFile = Main;
				INFOPLIST_KEY_UISupportedInterfaceOrientations_iPad = "UIInterfaceOrientationPortrait UIInterfaceOrientationPortraitUpsideDown UIInterfaceOrientationLandscapeLeft UIInterfaceOrientationLandscapeRight";
				INFOPLIST_KEY_UISupportedInterfaceOrientations_iPhone = "UIInterfaceOrientationPortrait UIInterfaceOrientationLandscapeLeft UIInterfaceOrientationLandscapeRight";
				LD_RUNPATH_SEARCH_PATHS = (
					"$(inherited)",
					"@executable_path/Frameworks",
				);
				MARKETING_VERSION = 1.0;
				PRODUCT_BUNDLE_IDENTIFIER = com.allymationes.RickNMorty;
				PRODUCT_NAME = "$(TARGET_NAME)";
				SWIFT_EMIT_LOC_STRINGS = YES;
				SWIFT_VERSION = 5.0;
				TARGETED_DEVICE_FAMILY = "1,2";
			};
			name = Debug;
		};
		7B60F9D32A7A816A0097EC66 /* Release */ = {
			isa = XCBuildConfiguration;
			buildSettings = {
				ASSETCATALOG_COMPILER_APPICON_NAME = AppIcon;
				ASSETCATALOG_COMPILER_GLOBAL_ACCENT_COLOR_NAME = AccentColor;
				CODE_SIGN_STYLE = Automatic;
				CURRENT_PROJECT_VERSION = 1;
				DEVELOPMENT_TEAM = KTK732WRHB;
				GENERATE_INFOPLIST_FILE = YES;
				INFOPLIST_FILE = RickNMorty/Info.plist;
				INFOPLIST_KEY_UIApplicationSupportsIndirectInputEvents = YES;
				INFOPLIST_KEY_UILaunchStoryboardName = LaunchScreen;
				INFOPLIST_KEY_UIMainStoryboardFile = Main;
				INFOPLIST_KEY_UISupportedInterfaceOrientations_iPad = "UIInterfaceOrientationPortrait UIInterfaceOrientationPortraitUpsideDown UIInterfaceOrientationLandscapeLeft UIInterfaceOrientationLandscapeRight";
				INFOPLIST_KEY_UISupportedInterfaceOrientations_iPhone = "UIInterfaceOrientationPortrait UIInterfaceOrientationLandscapeLeft UIInterfaceOrientationLandscapeRight";
				LD_RUNPATH_SEARCH_PATHS = (
					"$(inherited)",
					"@executable_path/Frameworks",
				);
				MARKETING_VERSION = 1.0;
				PRODUCT_BUNDLE_IDENTIFIER = com.allymationes.RickNMorty;
				PRODUCT_NAME = "$(TARGET_NAME)";
				SWIFT_EMIT_LOC_STRINGS = YES;
				SWIFT_VERSION = 5.0;
				TARGETED_DEVICE_FAMILY = "1,2";
			};
			name = Release;
		};
/* End XCBuildConfiguration section */

/* Begin XCConfigurationList section */
		7B60F9B82A7A81690097EC66 /* Build configuration list for PBXProject "RickNMorty" */ = {
			isa = XCConfigurationList;
			buildConfigurations = (
				7B60F9CF2A7A816A0097EC66 /* Debug */,
				7B60F9D02A7A816A0097EC66 /* Release */,
			);
			defaultConfigurationIsVisible = 0;
			defaultConfigurationName = Release;
		};
		7B60F9D12A7A816A0097EC66 /* Build configuration list for PBXNativeTarget "RickNMorty" */ = {
			isa = XCConfigurationList;
			buildConfigurations = (
				7B60F9D22A7A816A0097EC66 /* Debug */,
				7B60F9D32A7A816A0097EC66 /* Release */,
			);
			defaultConfigurationIsVisible = 0;
			defaultConfigurationName = Release;
		};
/* End XCConfigurationList section */

/* Begin XCRemoteSwiftPackageReference section */
		7B25719A2A81422A00FFD2A9 /* XCRemoteSwiftPackageReference "lottie-ios" */ = {
			isa = XCRemoteSwiftPackageReference;
			repositoryURL = "https://github.com/airbnb/lottie-ios.git";
			requirement = {
				branch = master;
				kind = branch;
			};
		};
		7BF181D02A7BFC0B00775B52 /* XCRemoteSwiftPackageReference "Kingfisher" */ = {
			isa = XCRemoteSwiftPackageReference;
			repositoryURL = "https://github.com/onevcat/Kingfisher.git";
			requirement = {
				kind = upToNextMajorVersion;
				minimumVersion = 7.0.0;
			};
		};
/* End XCRemoteSwiftPackageReference section */

/* Begin XCSwiftPackageProductDependency section */
		7B25719B2A81422A00FFD2A9 /* Lottie */ = {
			isa = XCSwiftPackageProductDependency;
			package = 7B25719A2A81422A00FFD2A9 /* XCRemoteSwiftPackageReference "lottie-ios" */;
			productName = Lottie;
		};
		7BF181D12A7BFC0B00775B52 /* Kingfisher */ = {
			isa = XCSwiftPackageProductDependency;
			package = 7BF181D02A7BFC0B00775B52 /* XCRemoteSwiftPackageReference "Kingfisher" */;
			productName = Kingfisher;
		};
/* End XCSwiftPackageProductDependency section */
	};
	rootObject = 7B60F9B52A7A81690097EC66 /* Project object */;
}
